// !$*UTF8*$!
{
	archiveVersion = 1;
	classes = {
	};
	objectVersion = 46;
	objects = {

/* Begin PBXBuildFile section */
		649C5F271B95564700D49C92 /* main.m in Sources */ = {isa = PBXBuildFile; fileRef = 649C5F261B95564700D49C92 /* main.m */; };
		649C5F2A1B95564700D49C92 /* AppDelegate.m in Sources */ = {isa = PBXBuildFile; fileRef = 649C5F291B95564700D49C92 /* AppDelegate.m */; };
		649C5F2D1B95564700D49C92 /* ViewController.m in Sources */ = {isa = PBXBuildFile; fileRef = 649C5F2C1B95564700D49C92 /* ViewController.m */; };
		649C5F301B95564700D49C92 /* Main.storyboard in Resources */ = {isa = PBXBuildFile; fileRef = 649C5F2E1B95564700D49C92 /* Main.storyboard */; };
		649C5F321B95564700D49C92 /* Images.xcassets in Resources */ = {isa = PBXBuildFile; fileRef = 649C5F311B95564700D49C92 /* Images.xcassets */; };
		649C5F351B95564700D49C92 /* LaunchScreen.xib in Resources */ = {isa = PBXBuildFile; fileRef = 649C5F331B95564700D49C92 /* LaunchScreen.xib */; };
		649C5F411B95564700D49C92 /* BreakPointDownloadDemoTests.m in Sources */ = {isa = PBXBuildFile; fileRef = 649C5F401B95564700D49C92 /* BreakPointDownloadDemoTests.m */; };
		649C5F4D1B9556E200D49C92 /* BreakPointDownload.m in Sources */ = {isa = PBXBuildFile; fileRef = 649C5F4C1B9556E200D49C92 /* BreakPointDownload.m */; };
		649C5F511B95839500D49C92 /* NSString+Hashing.m in Sources */ = {isa = PBXBuildFile; fileRef = 649C5F501B95839500D49C92 /* NSString+Hashing.m */; };
/* End PBXBuildFile section */

/* Begin PBXContainerItemProxy section */
		649C5F3B1B95564700D49C92 /* PBXContainerItemProxy */ = {
			isa = PBXContainerItemProxy;
			containerPortal = 649C5F191B95564700D49C92 /* Project object */;
			proxyType = 1;
			remoteGlobalIDString = 649C5F201B95564700D49C92;
			remoteInfo = BreakPointDownloadDemo;
		};
/* End PBXContainerItemProxy section */

/* Begin PBXFileReference section */
		649C5F211B95564700D49C92 /* BreakPointDownloadDemo.app */ = {isa = PBXFileReference; explicitFileType = wrapper.application; includeInIndex = 0; path = BreakPointDownloadDemo.app; sourceTree = BUILT_PRODUCTS_DIR; };
		649C5F251B95564700D49C92 /* Info.plist */ = {isa = PBXFileReference; lastKnownFileType = text.plist.xml; path = Info.plist; sourceTree = "<group>"; };
		649C5F261B95564700D49C92 /* main.m */ = {isa = PBXFileReference; lastKnownFileType = sourcecode.c.objc; path = main.m; sourceTree = "<group>"; };
		649C5F281B95564700D49C92 /* AppDelegate.h */ = {isa = PBXFileReference; lastKnownFileType = sourcecode.c.h; path = AppDelegate.h; sourceTree = "<group>"; };
		649C5F291B95564700D49C92 /* AppDelegate.m */ = {isa = PBXFileReference; lastKnownFileType = sourcecode.c.objc; path = AppDelegate.m; sourceTree = "<group>"; };
		649C5F2B1B95564700D49C92 /* ViewController.h */ = {isa = PBXFileReference; lastKnownFileType = sourcecode.c.h; path = ViewController.h; sourceTree = "<group>"; };
		649C5F2C1B95564700D49C92 /* ViewController.m */ = {isa = PBXFileReference; lastKnownFileType = sourcecode.c.objc; path = ViewController.m; sourceTree = "<group>"; };
		649C5F2F1B95564700D49C92 /* Base */ = {isa = PBXFileReference; lastKnownFileType = file.storyboard; name = Base; path = Base.lproj/Main.storyboard; sourceTree = "<group>"; };
		649C5F311B95564700D49C92 /* Images.xcassets */ = {isa = PBXFileReference; lastKnownFileType = folder.assetcatalog; path = Images.xcassets; sourceTree = "<group>"; };
		649C5F341B95564700D49C92 /* Base */ = {isa = PBXFileReference; lastKnownFileType = file.xib; name = Base; path = Base.lproj/LaunchScreen.xib; sourceTree = "<group>"; };
		649C5F3A1B95564700D49C92 /* BreakPointDownloadDemoTests.xctest */ = {isa = PBXFileReference; explicitFileType = wrapper.cfbundle; includeInIndex = 0; path = BreakPointDownloadDemoTests.xctest; sourceTree = BUILT_PRODUCTS_DIR; };
		649C5F3F1B95564700D49C92 /* Info.plist */ = {isa = PBXFileReference; lastKnownFileType = text.plist.xml; path = Info.plist; sourceTree = "<group>"; };
		649C5F401B95564700D49C92 /* BreakPointDownloadDemoTests.m */ = {isa = PBXFileReference; lastKnownFileType = sourcecode.c.objc; path = BreakPointDownloadDemoTests.m; sourceTree = "<group>"; };
		649C5F4B1B9556E200D49C92 /* BreakPointDownload.h */ = {isa = PBXFileReference; fileEncoding = 4; lastKnownFileType = sourcecode.c.h; path = BreakPointDownload.h; sourceTree = "<group>"; };
		649C5F4C1B9556E200D49C92 /* BreakPointDownload.m */ = {isa = PBXFileReference; fileEncoding = 4; lastKnownFileType = sourcecode.c.objc; path = BreakPointDownload.m; sourceTree = "<group>"; };
		649C5F4F1B95839500D49C92 /* NSString+Hashing.h */ = {isa = PBXFileReference; fileEncoding = 4; lastKnownFileType = sourcecode.c.h; path = "NSString+Hashing.h"; sourceTree = "<group>"; };
		649C5F501B95839500D49C92 /* NSString+Hashing.m */ = {isa = PBXFileReference; fileEncoding = 4; lastKnownFileType = sourcecode.c.objc; path = "NSString+Hashing.m"; sourceTree = "<group>"; };
/* End PBXFileReference section */

/* Begin PBXFrameworksBuildPhase section */
		649C5F1E1B95564700D49C92 /* Frameworks */ = {
			isa = PBXFrameworksBuildPhase;
			buildActionMask = 2147483647;
			files = (
			);
			runOnlyForDeploymentPostprocessing = 0;
		};
		649C5F371B95564700D49C92 /* Frameworks */ = {
			isa = PBXFrameworksBuildPhase;
			buildActionMask = 2147483647;
			files = (
			);
			runOnlyForDeploymentPostprocessing = 0;
		};
/* End PBXFrameworksBuildPhase section */

/* Begin PBXGroup section */
		649C5F181B95564700D49C92 = {
			isa = PBXGroup;
			children = (
				649C5F231B95564700D49C92 /* BreakPointDownloadDemo */,
				649C5F3D1B95564700D49C92 /* BreakPointDownloadDemoTests */,
				649C5F221B95564700D49C92 /* Products */,
			);
			sourceTree = "<group>";
		};
		649C5F221B95564700D49C92 /* Products */ = {
			isa = PBXGroup;
			children = (
				649C5F211B95564700D49C92 /* BreakPointDownloadDemo.app */,
				649C5F3A1B95564700D49C92 /* BreakPointDownloadDemoTests.xctest */,
			);
			name = Products;
			sourceTree = "<group>";
		};
		649C5F231B95564700D49C92 /* BreakPointDownloadDemo */ = {
			isa = PBXGroup;
			children = (
				649C5F4E1B95839500D49C92 /* nsstring-hashing */,
				649C5F4A1B95568B00D49C92 /* BreakPointDownload */,
				649C5F281B95564700D49C92 /* AppDelegate.h */,
				649C5F291B95564700D49C92 /* AppDelegate.m */,
				649C5F2B1B95564700D49C92 /* ViewController.h */,
				649C5F2C1B95564700D49C92 /* ViewController.m */,
				649C5F2E1B95564700D49C92 /* Main.storyboard */,
				649C5F311B95564700D49C92 /* Images.xcassets */,
				649C5F331B95564700D49C92 /* LaunchScreen.xib */,
				649C5F241B95564700D49C92 /* Supporting Files */,
			);
			path = BreakPointDownloadDemo;
			sourceTree = "<group>";
		};
		649C5F241B95564700D49C92 /* Supporting Files */ = {
			isa = PBXGroup;
			children = (
				649C5F251B95564700D49C92 /* Info.plist */,
				649C5F261B95564700D49C92 /* main.m */,
			);
			name = "Supporting Files";
			sourceTree = "<group>";
		};
		649C5F3D1B95564700D49C92 /* BreakPointDownloadDemoTests */ = {
			isa = PBXGroup;
			children = (
				649C5F401B95564700D49C92 /* BreakPointDownloadDemoTests.m */,
				649C5F3E1B95564700D49C92 /* Supporting Files */,
			);
			path = BreakPointDownloadDemoTests;
			sourceTree = "<group>";
		};
		649C5F3E1B95564700D49C92 /* Supporting Files */ = {
			isa = PBXGroup;
			children = (
				649C5F3F1B95564700D49C92 /* Info.plist */,
			);
			name = "Supporting Files";
			sourceTree = "<group>";
		};
		649C5F4A1B95568B00D49C92 /* BreakPointDownload */ = {
			isa = PBXGroup;
			children = (
				649C5F4B1B9556E200D49C92 /* BreakPointDownload.h */,
				649C5F4C1B9556E200D49C92 /* BreakPointDownload.m */,
			);
			name = BreakPointDownload;
			sourceTree = "<group>";
		};
		649C5F4E1B95839500D49C92 /* nsstring-hashing */ = {
			isa = PBXGroup;
			children = (
				649C5F4F1B95839500D49C92 /* NSString+Hashing.h */,
				649C5F501B95839500D49C92 /* NSString+Hashing.m */,
			);
			path = "nsstring-hashing";
			sourceTree = "<group>";
		};
/* End PBXGroup section */

/* Begin PBXNativeTarget section */
		649C5F201B95564700D49C92 /* BreakPointDownloadDemo */ = {
			isa = PBXNativeTarget;
			buildConfigurationList = 649C5F441B95564700D49C92 /* Build configuration list for PBXNativeTarget "BreakPointDownloadDemo" */;
			buildPhases = (
				649C5F1D1B95564700D49C92 /* Sources */,
				649C5F1E1B95564700D49C92 /* Frameworks */,
				649C5F1F1B95564700D49C92 /* Resources */,
			);
			buildRules = (
			);
			dependencies = (
			);
			name = BreakPointDownloadDemo;
			productName = BreakPointDownloadDemo;
			productReference = 649C5F211B95564700D49C92 /* BreakPointDownloadDemo.app */;
			productType = "com.apple.product-type.application";
		};
		649C5F391B95564700D49C92 /* BreakPointDownloadDemoTests */ = {
			isa = PBXNativeTarget;
			buildConfigurationList = 649C5F471B95564700D49C92 /* Build configuration list for PBXNativeTarget "BreakPointDownloadDemoTests" */;
			buildPhases = (
				649C5F361B95564700D49C92 /* Sources */,
				649C5F371B95564700D49C92 /* Frameworks */,
				649C5F381B95564700D49C92 /* Resources */,
			);
			buildRules = (
			);
			dependencies = (
				649C5F3C1B95564700D49C92 /* PBXTargetDependency */,
			);
			name = BreakPointDownloadDemoTests;
			productName = BreakPointDownloadDemoTests;
			productReference = 649C5F3A1B95564700D49C92 /* BreakPointDownloadDemoTests.xctest */;
			productType = "com.apple.product-type.bundle.unit-test";
		};
/* End PBXNativeTarget section */

/* Begin PBXProject section */
		649C5F191B95564700D49C92 /* Project object */ = {
			isa = PBXProject;
			attributes = {
				LastUpgradeCheck = 0640;
				ORGANIZATIONNAME = lzxuan;
				TargetAttributes = {
					649C5F201B95564700D49C92 = {
						CreatedOnToolsVersion = 6.4;
					};
					649C5F391B95564700D49C92 = {
						CreatedOnToolsVersion = 6.4;
						TestTargetID = 649C5F201B95564700D49C92;
					};
				};
			};
			buildConfigurationList = 649C5F1C1B95564700D49C92 /* Build configuration list for PBXProject "BreakPointDownloadDemo" */;
			compatibilityVersion = "Xcode 3.2";
			developmentRegion = English;
			hasScannedForEncodings = 0;
			knownRegions = (
				en,
				Base,
			);
			mainGroup = 649C5F181B95564700D49C92;
			productRefGroup = 649C5F221B95564700D49C92 /* Products */;
			projectDirPath = "";
			projectRoot = "";
			targets = (
				649C5F201B95564700D49C92 /* BreakPointDownloadDemo */,
				649C5F391B95564700D49C92 /* BreakPointDownloadDemoTests */,
			);
		};
/* End PBXProject section */

/* Begin PBXResourcesBuildPhase section */
		649C5F1F1B95564700D49C92 /* Resources */ = {
			isa = PBXResourcesBuildPhase;
			buildActionMask = 2147483647;
			files = (
				649C5F301B95564700D49C92 /* Main.storyboard in Resources */,
				649C5F351B95564700D49C92 /* LaunchScreen.xib in Resources */,
				649C5F321B95564700D49C92 /* Images.xcassets in Resources */,
			);
			runOnlyForDeploymentPostprocessing = 0;
		};
		649C5F381B95564700D49C92 /* Resources */ = {
			isa = PBXResourcesBuildPhase;
			buildActionMask = 2147483647;
			files = (
			);
			runOnlyForDeploymentPostprocessing = 0;
		};
/* End PBXResourcesBuildPhase section */

/* Begin PBXSourcesBuildPhase section */
		649C5F1D1B95564700D49C92 /* Sources */ = {
			isa = PBXSourcesBuildPhase;
			buildActionMask = 2147483647;
			files = (
				649C5F2D1B95564700D49C92 /* ViewController.m in Sources */,
				649C5F2A1B95564700D49C92 /* AppDelegate.m in Sources */,
				649C5F4D1B9556E200D49C92 /* BreakPointDownload.m in Sources */,
				649C5F271B95564700D49C92 /* main.m in Sources */,
				649C5F511B95839500D49C92 /* NSString+Hashing.m in Sources */,
			);
			runOnlyForDeploymentPostprocessing = 0;
		};
		649C5F361B95564700D49C92 /* Sources */ = {
			isa = PBXSourcesBuildPhase;
			buildActionMask = 2147483647;
			files = (
				649C5F411B95564700D49C92 /* BreakPointDownloadDemoTests.m in Sources */,
			);
			runOnlyForDeploymentPostprocessing = 0;
		};
/* End PBXSourcesBuildPhase section */

/* Begin PBXTargetDependency section */
		649C5F3C1B95564700D49C92 /* PBXTargetDependency */ = {
			isa = PBXTargetDependency;
			target = 649C5F201B95564700D49C92 /* BreakPointDownloadDemo */;
			targetProxy = 649C5F3B1B95564700D49C92 /* PBXContainerItemProxy */;
		};
/* End PBXTargetDependency section */

/* Begin PBXVariantGroup section */
		649C5F2E1B95564700D49C92 /* Main.storyboard */ = {
			isa = PBXVariantGroup;
			children = (
				649C5F2F1B95564700D49C92 /* Base */,
			);
			name = Main.storyboard;
			sourceTree = "<group>";
		};
		649C5F331B95564700D49C92 /* LaunchScreen.xib */ = {
			isa = PBXVariantGroup;
			children = (
				649C5F341B95564700D49C92 /* Base */,
			);
			name = LaunchScreen.xib;
			sourceTree = "<group>";
		};
/* End PBXVariantGroup section */

/* Begin XCBuildConfiguration section */
		649C5F421B95564700D49C92 /* Debug */ = {
			isa = XCBuildConfiguration;
			buildSettings = {
				ALWAYS_SEARCH_USER_PATHS = NO;
				CLANG_CXX_LANGUAGE_STANDARD = "gnu++0x";
				CLANG_CXX_LIBRARY = "libc++";
				CLANG_ENABLE_MODULES = YES;
				CLANG_ENABLE_OBJC_ARC = YES;
				CLANG_WARN_BOOL_CONVERSION = YES;
				CLANG_WARN_CONSTANT_CONVERSION = YES;
				CLANG_WARN_DIRECT_OBJC_ISA_USAGE = YES_ERROR;
				CLANG_WARN_EMPTY_BODY = YES;
				CLANG_WARN_ENUM_CONVERSION = YES;
				CLANG_WARN_INT_CONVERSION = YES;
				CLANG_WARN_OBJC_ROOT_CLASS = YES_ERROR;
				CLANG_WARN_UNREACHABLE_CODE = YES;
				CLANG_WARN__DUPLICATE_METHOD_MATCH = YES;
				"CODE_SIGN_IDENTITY[sdk=iphoneos*]" = "iPhone Developer";
				COPY_PHASE_STRIP = NO;
				DEBUG_INFORMATION_FORMAT = "dwarf-with-dsym";
				ENABLE_STRICT_OBJC_MSGSEND = YES;
				GCC_C_LANGUAGE_STANDARD = gnu99;
				GCC_DYNAMIC_NO_PIC = NO;
				GCC_NO_COMMON_BLOCKS = YES;
				GCC_OPTIMIZATION_LEVEL = 0;
				GCC_PREPROCESSOR_DEFINITIONS = (
					"DEBUG=1",
					"$(inherited)",
				);
				GCC_SYMBOLS_PRIVATE_EXTERN = NO;
				GCC_WARN_64_TO_32_BIT_CONVERSION = YES;
				GCC_WARN_ABOUT_RETURN_TYPE = YES_ERROR;
				GCC_WARN_UNDECLARED_SELECTOR = YES;
				GCC_WARN_UNINITIALIZED_AUTOS = YES_AGGRESSIVE;
				GCC_WARN_UNUSED_FUNCTION = YES;
				GCC_WARN_UNUSED_VARIABLE = YES;
				IPHONEOS_DEPLOYMENT_TARGET = 8.4;
				MTL_ENABLE_DEBUG_INFO = YES;
				ONLY_ACTIVE_ARCH = YES;
				SDKROOT = iphoneos;
			};
			name = Debug;
		};
		649C5F431B95564700D49C92 /* Release */ = {
			isa = XCBuildConfiguration;
			buildSettings = {
				ALWAYS_SEARCH_USER_PATHS = NO;
				CLANG_CXX_LANGUAGE_STANDARD = "gnu++0x";
				CLANG_CXX_LIBRARY = "libc++";
				CLANG_ENABLE_MODULES = YES;
				CLANG_ENABLE_OBJC_ARC = YES;
				CLANG_WARN_BOOL_CONVERSION = YES;
				CLANG_WARN_CONSTANT_CONVERSION = YES;
				CLANG_WARN_DIRECT_OBJC_ISA_USAGE = YES_ERROR;
				CLANG_WARN_EMPTY_BODY = YES;
				CLANG_WARN_ENUM_CONVERSION = YES;
				CLANG_WARN_INT_CONVERSION = YES;
				CLANG_WARN_OBJC_ROOT_CLASS = YES_ERROR;
				CLANG_WARN_UNREACHABLE_CODE = YES;
				CLANG_WARN__DUPLICATE_METHOD_MATCH = YES;
				"CODE_SIGN_IDENTITY[sdk=iphoneos*]" = "iPhone Developer";
				COPY_PHASE_STRIP = NO;
				DEBUG_INFORMATION_FORMAT = "dwarf-with-dsym";
				ENABLE_NS_ASSERTIONS = NO;
				ENABLE_STRICT_OBJC_MSGSEND = YES;
				GCC_C_LANGUAGE_STANDARD = gnu99;
				GCC_NO_COMMON_BLOCKS = YES;
				GCC_WARN_64_TO_32_BIT_CONVERSION = YES;
				GCC_WARN_ABOUT_RETURN_TYPE = YES_ERROR;
				GCC_WARN_UNDECLARED_SELECTOR = YES;
				GCC_WARN_UNINITIALIZED_AUTOS = YES_AGGRESSIVE;
				GCC_WARN_UNUSED_FUNCTION = YES;
				GCC_WARN_UNUSED_VARIABLE = YES;
				IPHONEOS_DEPLOYMENT_TARGET = 8.4;
				MTL_ENABLE_DEBUG_INFO = NO;
				SDKROOT = iphoneos;
				VALIDATE_PRODUCT = YES;
			};
			name = Release;
		};
		649C5F451B95564700D49C92 /* Debug */ = {
			isa = XCBuildConfiguration;
			buildSettings = {
				ASSETCATALOG_COMPILER_APPICON_NAME = AppIcon;
				INFOPLIST_FILE = BreakPointDownloadDemo/Info.plist;
				LD_RUNPATH_SEARCH_PATHS = "$(inherited) @executable_path/Frameworks";
				PRODUCT_NAME = "$(TARGET_NAME)";
			};
			name = Debug;
		};
		649C5F461B95564700D49C92 /* Release */ = {
			isa = XCBuildConfiguration;
			buildSettings = {
				ASSETCATALOG_COMPILER_APPICON_NAME = AppIcon;
				INFOPLIST_FILE = BreakPointDownloadDemo/Info.plist;
				LD_RUNPATH_SEARCH_PATHS = "$(inherited) @executable_path/Frameworks";
				PRODUCT_NAME = "$(TARGET_NAME)";
			};
			name = Release;
		};
		649C5F481B95564700D49C92 /* Debug */ = {
			isa = XCBuildConfiguration;
			buildSettings = {
				BUNDLE_LOADER = "$(TEST_HOST)";
				FRAMEWORK_SEARCH_PATHS = (
					"$(SDKROOT)/Developer/Library/Frameworks",
					"$(inherited)",
				);
				GCC_PREPROCESSOR_DEFINITIONS = (
					"DEBUG=1",
					"$(inherited)",
				);
				INFOPLIST_FILE = BreakPointDownloadDemoTests/Info.plist;
				LD_RUNPATH_SEARCH_PATHS = "$(inherited) @executable_path/Frameworks @loader_path/Frameworks";
				PRODUCT_NAME = "$(TARGET_NAME)";
				TEST_HOST = "$(BUILT_PRODUCTS_DIR)/BreakPointDownloadDemo.app/BreakPointDownloadDemo";
			};
			name = Debug;
		};
		649C5F491B95564700D49C92 /* Release */ = {
			isa = XCBuildConfiguration;
			buildSettings = {
				BUNDLE_LOADER = "$(TEST_HOST)";
				FRAMEWORK_SEARCH_PATHS = (
					"$(SDKROOT)/Developer/Library/Frameworks",
					"$(inherited)",
				);
				INFOPLIST_FILE = BreakPointDownloadDemoTests/Info.plist;
				LD_RUNPATH_SEARCH_PATHS = "$(inherited) @executable_path/Frameworks @loader_path/Frameworks";
				PRODUCT_NAME = "$(TARGET_NAME)";
				TEST_HOST = "$(BUILT_PRODUCTS_DIR)/BreakPointDownloadDemo.app/BreakPointDownloadDemo";
			};
			name = Release;
		};
/* End XCBuildConfiguration section */

/* Begin XCConfigurationList section */
		649C5F1C1B95564700D49C92 /* Build configuration list for PBXProject "BreakPointDownloadDemo" */ = {
			isa = XCConfigurationList;
			buildConfigurations = (
				649C5F421B95564700D49C92 /* Debug */,
				649C5F431B95564700D49C92 /* Release */,
			);
			defaultConfigurationIsVisible = 0;
			defaultConfigurationName = Release;
		};
		649C5F441B95564700D49C92 /* Build configuration list for PBXNativeTarget "BreakPointDownloadDemo" */ = {
			isa = XCConfigurationList;
			buildConfigurations = (
				649C5F451B95564700D49C92 /* Debug */,
				649C5F461B95564700D49C92 /* Release */,
			);
			defaultConfigurationIsVisible = 0;
			defaultConfigurationName = Release;
		};
		649C5F471B95564700D49C92 /* Build configuration list for PBXNativeTarget "BreakPointDownloadDemoTests" */ = {
			isa = XCConfigurationList;
			buildConfigurations = (
				649C5F481B95564700D49C92 /* Debug */,
				649C5F491B95564700D49C92 /* Release */,
			);
			defaultConfigurationIsVisible = 0;
			defaultConfigurationName = Release;
		};
/* End XCConfigurationList section */
	};
	rootObject = 649C5F191B95564700D49C92 /* Project object */;
}
